
Microsoft Visual Studio Solution File, Format Version 12.00
# Visual Studio 14
VisualStudioVersion = 14.0.25420.1
MinimumVisualStudioVersion = 10.0.40219.1
Project("{FAE04EC0-301F-11D3-BF4B-00C04F79EFBC}") = "StructuredData.Comparison.Json", "StructuredData.Comparison.Json\StructuredData.Comparison.Json.csproj", "{3FEAECE7-68F4-4A55-9C74-182CA73A1968}"
EndProject
Project("{FAE04EC0-301F-11D3-BF4B-00C04F79EFBC}") = "StructuredData.Comparison.Json.Tests", "StructuredData.Comparison.Json.Tests\StructuredData.Comparison.Json.Tests.csproj", "{9FD0AC5F-CD90-4381-AB23-6A43152C1BAE}"
EndProject
Global
	GlobalSection(SolutionConfigurationPlatforms) = preSolution
		Debug|Any CPU = Debug|Any CPU
		Release|Any CPU = Release|Any CPU
	EndGlobalSection
	GlobalSection(ProjectConfigurationPlatforms) = postSolution
		{3FEAECE7-68F4-4A55-9C74-182CA73A1968}.Debug|Any CPU.ActiveCfg = Debug|Any CPU
		{3FEAECE7-68F4-4A55-9C74-182CA73A1968}.Debug|Any CPU.Build.0 = Debug|Any CPU
		{3FEAECE7-68F4-4A55-9C74-182CA73A1968}.Release|Any CPU.ActiveCfg = Release|Any CPU
		{3FEAECE7-68F4-4A55-9C74-182CA73A1968}.Release|Any CPU.Build.0 = Release|Any CPU
		{9FD0AC5F-CD90-4381-AB23-6A43152C1BAE}.Debug|Any CPU.ActiveCfg = Debug|Any CPU
		{9FD0AC5F-CD90-4381-AB23-6A43152C1BAE}.Debug|Any CPU.Build.0 = Debug|Any CPU
		{9FD0AC5F-CD90-4381-AB23-6A43152C1BAE}.Release|Any CPU.ActiveCfg = Release|Any CPU
		{9FD0AC5F-CD90-4381-AB23-6A43152C1BAE}.Release|Any CPU.Build.0 = Release|Any CPU
	EndGlobalSection
	GlobalSection(SolutionProperties) = preSolution
		HideSolutionNode = FALSE
	EndGlobalSection
EndGlobal
